Microsoft Visual Studio Solution File, Format Version 12.00
# Visual Studio Version 17
VisualStudioVersion = 17.5.2.0
MinimumVisualStudioVersion = 10.0.40219.1
Project("{FAE04EC0-301F-11D3-BF4B-00C04F79EFBC}") = "ExileRitualEj", "ExileRitualEj.csproj", "{688F8611-B31D-BE30-E46F-CAF72DDD3191}"
EndProject
Global
	GlobalSection(SolutionConfigurationPlatforms) = preSolution
		Debug|Any CPU = Debug|Any CPU
		Release|Any CPU = Release|Any CPU
	EndGlobalSection
	GlobalSection(ProjectConfigurationPlatforms) = postSolution
		{688F8611-B31D-BE30-E46F-CAF72DDD3191}.Debug|Any CPU.ActiveCfg = Debug|Any CPU
		{688F8611-B31D-BE30-E46F-CAF72DDD3191}.Debug|Any CPU.Build.0 = Debug|Any CPU
		{688F8611-B31D-BE30-E46F-CAF72DDD3191}.Release|Any CPU.ActiveCfg = Release|Any CPU
		{688F8611-B31D-BE30-E46F-CAF72DDD3191}.Release|Any CPU.Build.0 = Release|Any CPU
	EndGlobalSection
	GlobalSection(SolutionProperties) = preSolution
		HideSolutionNode = FALSE
	EndGlobalSection
	GlobalSection(ExtensibilityGlobals) = postSolution
		SolutionGuid = {28763278-8960-418D-A655-E75E23AAA928}
	EndGlobalSection
EndGlobal
